
Microsoft Visual Studio Solution File, Format Version 12.00
# Visual Studio Version 16
VisualStudioVersion = 16.0.29920.165
MinimumVisualStudioVersion = 10.0.40219.1
Project("{FAE04EC0-301F-11D3-BF4B-00C04F79EFBC}") = "TP_xamarin.UWP", "TP_xamarin\TP_xamarin.UWP\TP_xamarin.UWP.csproj", "{DBEF9C3B-1ACD-4B25-97A5-50B55E2C330B}"
EndProject
Project("{FAE04EC0-301F-11D3-BF4B-00C04F79EFBC}") = "TP_xamarin.Android", "TP_xamarin\TP_xamarin.Android\TP_xamarin.Android.csproj", "{6B0CAFE4-7F94-4326-8A58-DA76200D5CB4}"
EndProject
Project("{FAE04EC0-301F-11D3-BF4B-00C04F79EFBC}") = "TP_xamarin.iOS", "TP_xamarin\TP_xamarin.iOS\TP_xamarin.iOS.csproj", "{361FDC5D-0123-4957-B884-A9994954054D}"
EndProject
Project("{FAE04EC0-301F-11D3-BF4B-00C04F79EFBC}") = "TP_xamarin", "TP_xamarin\TP_xamarin\TP_xamarin.csproj", "{19C392E2-F6D4-403A-9C56-67ED169B1F58}"
EndProject
Global
	GlobalSection(SolutionConfigurationPlatforms) = preSolution
		Debug|Any CPU = Debug|Any CPU
		Debug|ARM = Debug|ARM
		Debug|iPhone = Debug|iPhone
		Debug|iPhoneSimulator = Debug|iPhoneSimulator
		Debug|x64 = Debug|x64
		Debug|x86 = Debug|x86
		Release|Any CPU = Release|Any CPU
		Release|ARM = Release|ARM
		Release|iPhone = Release|iPhone
		Release|iPhoneSimulator = Release|iPhoneSimulator
		Release|x64 = Release|x64
		Release|x86 = Release|x86
	EndGlobalSection
	GlobalSection(ProjectConfigurationPlatforms) = postSolution
		{DBEF9C3B-1ACD-4B25-97A5-50B55E2C330B}.Debug|Any CPU.ActiveCfg = Debug|x86
		{DBEF9C3B-1ACD-4B25-97A5-50B55E2C330B}.Debug|Any CPU.Build.0 = Debug|x86
		{DBEF9C3B-1ACD-4B25-97A5-50B55E2C330B}.Debug|Any CPU.Deploy.0 = Debug|x86
		{DBEF9C3B-1ACD-4B25-97A5-50B55E2C330B}.Debug|ARM.ActiveCfg = Debug|ARM
		{DBEF9C3B-1ACD-4B25-97A5-50B55E2C330B}.Debug|ARM.Build.0 = Debug|ARM
		{DBEF9C3B-1ACD-4B25-97A5-50B55E2C330B}.Debug|ARM.Deploy.0 = Debug|ARM
		{DBEF9C3B-1ACD-4B25-97A5-50B55E2C330B}.Debug|iPhone.ActiveCfg = Debug|x86
		{DBEF9C3B-1ACD-4B25-97A5-50B55E2C330B}.Debug|iPhone.Build.0 = Debug|x86
		{DBEF9C3B-1ACD-4B25-97A5-50B55E2C330B}.Debug|iPhone.Deploy.0 = Debug|x86
		{DBEF9C3B-1ACD-4B25-97A5-50B55E2C330B}.Debug|iPhoneSimulator.ActiveCfg = Debug|x86
		{DBEF9C3B-1ACD-4B25-97A5-50B55E2C330B}.Debug|iPhoneSimulator.Build.0 = Debug|x86
		{DBEF9C3B-1ACD-4B25-97A5-50B55E2C330B}.Debug|iPhoneSimulator.Deploy.0 = Debug|x86
		{DBEF9C3B-1ACD-4B25-97A5-50B55E2C330B}.Debug|x64.ActiveCfg = Debug|x64
		{DBEF9C3B-1ACD-4B25-97A5-50B55E2C330B}.Debug|x64.Build.0 = Debug|x64
		{DBEF9C3B-1ACD-4B25-97A5-50B55E2C330B}.Debug|x64.Deploy.0 = Debug|x64
		{DBEF9C3B-1ACD-4B25-97A5-50B55E2C330B}.Debug|x86.ActiveCfg = Debug|x86
		{DBEF9C3B-1ACD-4B25-97A5-50B55E2C330B}.Debug|x86.Build.0 = Debug|x86
		{DBEF9C3B-1ACD-4B25-97A5-50B55E2C330B}.Debug|x86.Deploy.0 = Debug|x86
		{DBEF9C3B-1ACD-4B25-97A5-50B55E2C330B}.Release|Any CPU.ActiveCfg = Release|x86
		{DBEF9C3B-1ACD-4B25-97A5-50B55E2C330B}.Release|Any CPU.Build.0 = Release|x86
		{DBEF9C3B-1ACD-4B25-97A5-50B55E2C330B}.Release|Any CPU.Deploy.0 = Release|x86
		{DBEF9C3B-1ACD-4B25-97A5-50B55E2C330B}.Release|ARM.ActiveCfg = Release|ARM
		{DBEF9C3B-1ACD-4B25-97A5-50B55E2C330B}.Release|ARM.Build.0 = Release|ARM
		{DBEF9C3B-1ACD-4B25-97A5-50B55E2C330B}.Release|ARM.Deploy.0 = Release|ARM
		{DBEF9C3B-1ACD-4B25-97A5-50B55E2C330B}.Release|iPhone.ActiveCfg = Release|x86
		{DBEF9C3B-1ACD-4B25-97A5-50B55E2C330B}.Release|iPhone.Build.0 = Release|x86
		{DBEF9C3B-1ACD-4B25-97A5-50B55E2C330B}.Release|iPhone.Deploy.0 = Release|x86
		{DBEF9C3B-1ACD-4B25-97A5-50B55E2C330B}.Release|iPhoneSimulator.ActiveCfg = Release|x86
		{DBEF9C3B-1ACD-4B25-97A5-50B55E2C330B}.Release|iPhoneSimulator.Build.0 = Release|x86
		{DBEF9C3B-1ACD-4B25-97A5-50B55E2C330B}.Release|iPhoneSimulator.Deploy.0 = Release|x86
		{DBEF9C3B-1ACD-4B25-97A5-50B55E2C330B}.Release|x64.ActiveCfg = Release|x64
		{DBEF9C3B-1ACD-4B25-97A5-50B55E2C330B}.Release|x64.Build.0 = Release|x64
		{DBEF9C3B-1ACD-4B25-97A5-50B55E2C330B}.Release|x64.Deploy.0 = Release|x64
		{DBEF9C3B-1ACD-4B25-97A5-50B55E2C330B}.Release|x86.ActiveCfg = Release|x86
		{DBEF9C3B-1ACD-4B25-97A5-50B55E2C330B}.Release|x86.Build.0 = Release|x86
		{DBEF9C3B-1ACD-4B25-97A5-50B55E2C330B}.Release|x86.Deploy.0 = Release|x86
		{6B0CAFE4-7F94-4326-8A58-DA76200D5CB4}.Debug|Any CPU.ActiveCfg = Debug|Any CPU
		{6B0CAFE4-7F94-4326-8A58-DA76200D5CB4}.Debug|Any CPU.Build.0 = Debug|Any CPU
		{6B0CAFE4-7F94-4326-8A58-DA76200D5CB4}.Debug|Any CPU.Deploy.0 = Debug|Any CPU
		{6B0CAFE4-7F94-4326-8A58-DA76200D5CB4}.Debug|ARM.ActiveCfg = Debug|Any CPU
		{6B0CAFE4-7F94-4326-8A58-DA76200D5CB4}.Debug|ARM.Build.0 = Debug|Any CPU
		{6B0CAFE4-7F94-4326-8A58-DA76200D5CB4}.Debug|ARM.Deploy.0 = Debug|Any CPU
		{6B0CAFE4-7F94-4326-8A58-DA76200D5CB4}.Debug|iPhone.ActiveCfg = Debug|Any CPU
		{6B0CAFE4-7F94-4326-8A58-DA76200D5CB4}.Debug|iPhone.Build.0 = Debug|Any CPU
		{6B0CAFE4-7F94-4326-8A58-DA76200D5CB4}.Debug|iPhone.Deploy.0 = Debug|Any CPU
		{6B0CAFE4-7F94-4326-8A58-DA76200D5CB4}.Debug|iPhoneSimulator.ActiveCfg = Debug|Any CPU
		{6B0CAFE4-7F94-4326-8A58-DA76200D5CB4}.Debug|iPhoneSimulator.Build.0 = Debug|Any CPU
		{6B0CAFE4-7F94-4326-8A58-DA76200D5CB4}.Debug|iPhoneSimulator.Deploy.0 = Debug|Any CPU
		{6B0CAFE4-7F94-4326-8A58-DA76200D5CB4}.Debug|x64.ActiveCfg = Debug|Any CPU
		{6B0CAFE4-7F94-4326-8A58-DA76200D5CB4}.Debug|x64.Build.0 = Debug|Any CPU
		{6B0CAFE4-7F94-4326-8A58-DA76200D5CB4}.Debug|x64.Deploy.0 = Debug|Any CPU
		{6B0CAFE4-7F94-4326-8A58-DA76200D5CB4}.Debug|x86.ActiveCfg = Debug|Any CPU
		{6B0CAFE4-7F94-4326-8A58-DA76200D5CB4}.Debug|x86.Build.0 = Debug|Any CPU
		{6B0CAFE4-7F94-4326-8A58-DA76200D5CB4}.Debug|x86.Deploy.0 = Debug|Any CPU
		{6B0CAFE4-7F94-4326-8A58-DA76200D5CB4}.Release|Any CPU.ActiveCfg = Release|Any CPU
		{6B0CAFE4-7F94-4326-8A58-DA76200D5CB4}.Release|Any CPU.Build.0 = Release|Any CPU
		{6B0CAFE4-7F94-4326-8A58-DA76200D5CB4}.Release|Any CPU.Deploy.0 = Release|Any CPU
		{6B0CAFE4-7F94-4326-8A58-DA76200D5CB4}.Release|ARM.ActiveCfg = Release|Any CPU
		{6B0CAFE4-7F94-4326-8A58-DA76200D5CB4}.Release|ARM.Build.0 = Release|Any CPU
		{6B0CAFE4-7F94-4326-8A58-DA76200D5CB4}.Release|ARM.Deploy.0 = Release|Any CPU
		{6B0CAFE4-7F94-4326-8A58-DA76200D5CB4}.Release|iPhone.ActiveCfg = Release|Any CPU
		{6B0CAFE4-7F94-4326-8A58-DA76200D5CB4}.Release|iPhone.Build.0 = Release|Any CPU
		{6B0CAFE4-7F94-4326-8A58-DA76200D5CB4}.Release|iPhone.Deploy.0 = Release|Any CPU
		{6B0CAFE4-7F94-4326-8A58-DA76200D5CB4}.Release|iPhoneSimulator.ActiveCfg = Release|Any CPU
		{6B0CAFE4-7F94-4326-8A58-DA76200D5CB4}.Release|iPhoneSimulator.Build.0 = Release|Any CPU
		{6B0CAFE4-7F94-4326-8A58-DA76200D5CB4}.Release|iPhoneSimulator.Deploy.0 = Release|Any CPU
		{6B0CAFE4-7F94-4326-8A58-DA76200D5CB4}.Release|x64.ActiveCfg = Release|Any CPU
		{6B0CAFE4-7F94-4326-8A58-DA76200D5CB4}.Release|x64.Build.0 = Release|Any CPU
		{6B0CAFE4-7F94-4326-8A58-DA76200D5CB4}.Release|x64.Deploy.0 = Release|Any CPU
		{6B0CAFE4-7F94-4326-8A58-DA76200D5CB4}.Release|x86.ActiveCfg = Release|Any CPU
		{6B0CAFE4-7F94-4326-8A58-DA76200D5CB4}.Release|x86.Build.0 = Release|Any CPU
		{6B0CAFE4-7F94-4326-8A58-DA76200D5CB4}.Release|x86.Deploy.0 = Release|Any CPU
		{361FDC5D-0123-4957-B884-A9994954054D}.Debug|Any CPU.ActiveCfg = Debug|iPhone
		{361FDC5D-0123-4957-B884-A9994954054D}.Debug|Any CPU.Build.0 = Debug|iPhone
		{361FDC5D-0123-4957-B884-A9994954054D}.Debug|Any CPU.Deploy.0 = Debug|iPhone
		{361FDC5D-0123-4957-B884-A9994954054D}.Debug|ARM.ActiveCfg = Debug|iPhone
		{361FDC5D-0123-4957-B884-A9994954054D}.Debug|ARM.Build.0 = Debug|iPhone
		{361FDC5D-0123-4957-B884-A9994954054D}.Debug|ARM.Deploy.0 = Debug|iPhone
		{361FDC5D-0123-4957-B884-A9994954054D}.Debug|iPhone.ActiveCfg = Debug|iPhone
		{361FDC5D-0123-4957-B884-A9994954054D}.Debug|iPhone.Build.0 = Debug|iPhone
		{361FDC5D-0123-4957-B884-A9994954054D}.Debug|iPhone.Deploy.0 = Debug|iPhone
		{361FDC5D-0123-4957-B884-A9994954054D}.Debug|iPhoneSimulator.ActiveCfg = Debug|iPhoneSimulator
		{361FDC5D-0123-4957-B884-A9994954054D}.Debug|iPhoneSimulator.Build.0 = Debug|iPhoneSimulator
		{361FDC5D-0123-4957-B884-A9994954054D}.Debug|iPhoneSimulator.Deploy.0 = Debug|iPhoneSimulator
		{361FDC5D-0123-4957-B884-A9994954054D}.Debug|x64.ActiveCfg = Debug|iPhone
		{361FDC5D-0123-4957-B884-A9994954054D}.Debug|x64.Build.0 = Debug|iPhone
		{361FDC5D-0123-4957-B884-A9994954054D}.Debug|x64.Deploy.0 = Debug|iPhone
		{361FDC5D-0123-4957-B884-A9994954054D}.Debug|x86.ActiveCfg = Debug|iPhone
		{361FDC5D-0123-4957-B884-A9994954054D}.Debug|x86.Build.0 = Debug|iPhone
		{361FDC5D-0123-4957-B884-A9994954054D}.Debug|x86.Deploy.0 = Debug|iPhone
		{361FDC5D-0123-4957-B884-A9994954054D}.Release|Any CPU.ActiveCfg = Release|iPhone
		{361FDC5D-0123-4957-B884-A9994954054D}.Release|Any CPU.Build.0 = Release|iPhone
		{361FDC5D-0123-4957-B884-A9994954054D}.Release|Any CPU.Deploy.0 = Release|iPhone
		{361FDC5D-0123-4957-B884-A9994954054D}.Release|ARM.ActiveCfg = Release|iPhone
		{361FDC5D-0123-4957-B884-A9994954054D}.Release|ARM.Build.0 = Release|iPhone
		{361FDC5D-0123-4957-B884-A9994954054D}.Release|ARM.Deploy.0 = Release|iPhone
		{361FDC5D-0123-4957-B884-A9994954054D}.Release|iPhone.ActiveCfg = Release|iPhone
		{361FDC5D-0123-4957-B884-A9994954054D}.Release|iPhone.Build.0 = Release|iPhone
		{361FDC5D-0123-4957-B884-A9994954054D}.Release|iPhone.Deploy.0 = Release|iPhone
		{361FDC5D-0123-4957-B884-A9994954054D}.Release|iPhoneSimulator.ActiveCfg = Release|iPhoneSimulator
		{361FDC5D-0123-4957-B884-A9994954054D}.Release|iPhoneSimulator.Build.0 = Release|iPhoneSimulator
		{361FDC5D-0123-4957-B884-A9994954054D}.Release|iPhoneSimulator.Deploy.0 = Release|iPhoneSimulator
		{361FDC5D-0123-4957-B884-A9994954054D}.Release|x64.ActiveCfg = Release|iPhone
		{361FDC5D-0123-4957-B884-A9994954054D}.Release|x64.Build.0 = Release|iPhone
		{361FDC5D-0123-4957-B884-A9994954054D}.Release|x64.Deploy.0 = Release|iPhone
		{361FDC5D-0123-4957-B884-A9994954054D}.Release|x86.ActiveCfg = Release|iPhone
		{361FDC5D-0123-4957-B884-A9994954054D}.Release|x86.Build.0 = Release|iPhone
		{361FDC5D-0123-4957-B884-A9994954054D}.Release|x86.Deploy.0 = Release|iPhone
		{19C392E2-F6D4-403A-9C56-67ED169B1F58}.Debug|Any CPU.ActiveCfg = Debug|Any CPU
		{19C392E2-F6D4-403A-9C56-67ED169B1F58}.Debug|Any CPU.Build.0 = Debug|Any CPU
		{19C392E2-F6D4-403A-9C56-67ED169B1F58}.Debug|Any CPU.Deploy.0 = Debug|Any CPU
		{19C392E2-F6D4-403A-9C56-67ED169B1F58}.Debug|ARM.ActiveCfg = Debug|Any CPU
		{19C392E2-F6D4-403A-9C56-67ED169B1F58}.Debug|ARM.Build.0 = Debug|Any CPU
		{19C392E2-F6D4-403A-9C56-67ED169B1F58}.Debug|ARM.Deploy.0 = Debug|Any CPU
		{19C392E2-F6D4-403A-9C56-67ED169B1F58}.Debug|iPhone.ActiveCfg = Debug|Any CPU
		{19C392E2-F6D4-403A-9C56-67ED169B1F58}.Debug|iPhone.Build.0 = Debug|Any CPU
		{19C392E2-F6D4-403A-9C56-67ED169B1F58}.Debug|iPhone.Deploy.0 = Debug|Any CPU
		{19C392E2-F6D4-403A-9C56-67ED169B1F58}.Debug|iPhoneSimulator.ActiveCfg = Debug|Any CPU
		{19C392E2-F6D4-403A-9C56-67ED169B1F58}.Debug|iPhoneSimulator.Build.0 = Debug|Any CPU
		{19C392E2-F6D4-403A-9C56-67ED169B1F58}.Debug|iPhoneSimulator.Deploy.0 = Debug|Any CPU
		{19C392E2-F6D4-403A-9C56-67ED169B1F58}.Debug|x64.ActiveCfg = Debug|Any CPU
		{19C392E2-F6D4-403A-9C56-67ED169B1F58}.Debug|x64.Build.0 = Debug|Any CPU
		{19C392E2-F6D4-403A-9C56-67ED169B1F58}.Debug|x64.Deploy.0 = Debug|Any CPU
		{19C392E2-F6D4-403A-9C56-67ED169B1F58}.Debug|x86.ActiveCfg = Debug|Any CPU
		{19C392E2-F6D4-403A-9C56-67ED169B1F58}.Debug|x86.Build.0 = Debug|Any CPU
		{19C392E2-F6D4-403A-9C56-67ED169B1F58}.Debug|x86.Deploy.0 = Debug|Any CPU
		{19C392E2-F6D4-403A-9C56-67ED169B1F58}.Release|Any CPU.ActiveCfg = Release|Any CPU
		{19C392E2-F6D4-403A-9C56-67ED169B1F58}.Release|Any CPU.Build.0 = Release|Any CPU
		{19C392E2-F6D4-403A-9C56-67ED169B1F58}.Release|Any CPU.Deploy.0 = Release|Any CPU
		{19C392E2-F6D4-403A-9C56-67ED169B1F58}.Release|ARM.ActiveCfg = Release|Any CPU
		{19C392E2-F6D4-403A-9C56-67ED169B1F58}.Release|ARM.Build.0 = Release|Any CPU
		{19C392E2-F6D4-403A-9C56-67ED169B1F58}.Release|ARM.Deploy.0 = Release|Any CPU
		{19C392E2-F6D4-403A-9C56-67ED169B1F58}.Release|iPhone.ActiveCfg = Release|Any CPU
		{19C392E2-F6D4-403A-9C56-67ED169B1F58}.Release|iPhone.Build.0 = Release|Any CPU
		{19C392E2-F6D4-403A-9C56-67ED169B1F58}.Release|iPhone.Deploy.0 = Release|Any CPU
		{19C392E2-F6D4-403A-9C56-67ED169B1F58}.Release|iPhoneSimulator.ActiveCfg = Release|Any CPU
		{19C392E2-F6D4-403A-9C56-67ED169B1F58}.Release|iPhoneSimulator.Build.0 = Release|Any CPU
		{19C392E2-F6D4-403A-9C56-67ED169B1F58}.Release|iPhoneSimulator.Deploy.0 = Release|Any CPU
		{19C392E2-F6D4-403A-9C56-67ED169B1F58}.Release|x64.ActiveCfg = Release|Any CPU
		{19C392E2-F6D4-403A-9C56-67ED169B1F58}.Release|x64.Build.0 = Release|Any CPU
		{19C392E2-F6D4-403A-9C56-67ED169B1F58}.Release|x64.Deploy.0 = Release|Any CPU
		{19C392E2-F6D4-403A-9C56-67ED169B1F58}.Release|x86.ActiveCfg = Release|Any CPU
		{19C392E2-F6D4-403A-9C56-67ED169B1F58}.Release|x86.Build.0 = Release|Any CPU
		{19C392E2-F6D4-403A-9C56-67ED169B1F58}.Release|x86.Deploy.0 = Release|Any CPU
	EndGlobalSection
	GlobalSection(SolutionProperties) = preSolution
		HideSolutionNode = FALSE
	EndGlobalSection
	GlobalSection(ExtensibilityGlobals) = postSolution
		SolutionGuid = {AB271CCB-2190-4A0A-B49E-49D8F473CB64}
	EndGlobalSection
EndGlobal
