
Microsoft Visual Studio Solution File, Format Version 12.00
# Visual Studio Version 16
VisualStudioVersion = 16.0.29920.165
MinimumVisualStudioVersion = 10.0.40219.1
Project("{FAE04EC0-301F-11D3-BF4B-00C04F79EFBC}") = "TP_xamarin3.UWP", "TP_xamarin3\TP_xamarin3.UWP\TP_xamarin3.UWP.csproj", "{556EDE50-42D7-48B9-B7C4-5D5B4516E77E}"
EndProject
Project("{FAE04EC0-301F-11D3-BF4B-00C04F79EFBC}") = "TP_xamarin3.Android", "TP_xamarin3\TP_xamarin3.Android\TP_xamarin3.Android.csproj", "{EA1E4455-5422-4666-BE80-AD1AC73A1FC5}"
EndProject
Project("{FAE04EC0-301F-11D3-BF4B-00C04F79EFBC}") = "TP_xamarin3.iOS", "TP_xamarin3\TP_xamarin3.iOS\TP_xamarin3.iOS.csproj", "{3C381BBF-A0E3-4C7D-A23C-1A516F3B7A57}"
EndProject
Project("{FAE04EC0-301F-11D3-BF4B-00C04F79EFBC}") = "TP_xamarin3", "TP_xamarin3\TP_xamarin3\TP_xamarin3.csproj", "{F3F23326-D41B-4D77-A43C-78F1A488AA52}"
EndProject
Global
	GlobalSection(SolutionConfigurationPlatforms) = preSolution
		Debug|Any CPU = Debug|Any CPU
		Debug|ARM = Debug|ARM
		Debug|iPhone = Debug|iPhone
		Debug|iPhoneSimulator = Debug|iPhoneSimulator
		Debug|x64 = Debug|x64
		Debug|x86 = Debug|x86
		Release|Any CPU = Release|Any CPU
		Release|ARM = Release|ARM
		Release|iPhone = Release|iPhone
		Release|iPhoneSimulator = Release|iPhoneSimulator
		Release|x64 = Release|x64
		Release|x86 = Release|x86
	EndGlobalSection
	GlobalSection(ProjectConfigurationPlatforms) = postSolution
		{556EDE50-42D7-48B9-B7C4-5D5B4516E77E}.Debug|Any CPU.ActiveCfg = Debug|x86
		{556EDE50-42D7-48B9-B7C4-5D5B4516E77E}.Debug|Any CPU.Build.0 = Debug|x86
		{556EDE50-42D7-48B9-B7C4-5D5B4516E77E}.Debug|Any CPU.Deploy.0 = Debug|x86
		{556EDE50-42D7-48B9-B7C4-5D5B4516E77E}.Debug|ARM.ActiveCfg = Debug|ARM
		{556EDE50-42D7-48B9-B7C4-5D5B4516E77E}.Debug|ARM.Build.0 = Debug|ARM
		{556EDE50-42D7-48B9-B7C4-5D5B4516E77E}.Debug|ARM.Deploy.0 = Debug|ARM
		{556EDE50-42D7-48B9-B7C4-5D5B4516E77E}.Debug|iPhone.ActiveCfg = Debug|x86
		{556EDE50-42D7-48B9-B7C4-5D5B4516E77E}.Debug|iPhone.Build.0 = Debug|x86
		{556EDE50-42D7-48B9-B7C4-5D5B4516E77E}.Debug|iPhone.Deploy.0 = Debug|x86
		{556EDE50-42D7-48B9-B7C4-5D5B4516E77E}.Debug|iPhoneSimulator.ActiveCfg = Debug|x86
		{556EDE50-42D7-48B9-B7C4-5D5B4516E77E}.Debug|iPhoneSimulator.Build.0 = Debug|x86
		{556EDE50-42D7-48B9-B7C4-5D5B4516E77E}.Debug|iPhoneSimulator.Deploy.0 = Debug|x86
		{556EDE50-42D7-48B9-B7C4-5D5B4516E77E}.Debug|x64.ActiveCfg = Debug|x64
		{556EDE50-42D7-48B9-B7C4-5D5B4516E77E}.Debug|x64.Build.0 = Debug|x64
		{556EDE50-42D7-48B9-B7C4-5D5B4516E77E}.Debug|x64.Deploy.0 = Debug|x64
		{556EDE50-42D7-48B9-B7C4-5D5B4516E77E}.Debug|x86.ActiveCfg = Debug|x86
		{556EDE50-42D7-48B9-B7C4-5D5B4516E77E}.Debug|x86.Build.0 = Debug|x86
		{556EDE50-42D7-48B9-B7C4-5D5B4516E77E}.Debug|x86.Deploy.0 = Debug|x86
		{556EDE50-42D7-48B9-B7C4-5D5B4516E77E}.Release|Any CPU.ActiveCfg = Release|x86
		{556EDE50-42D7-48B9-B7C4-5D5B4516E77E}.Release|Any CPU.Build.0 = Release|x86
		{556EDE50-42D7-48B9-B7C4-5D5B4516E77E}.Release|Any CPU.Deploy.0 = Release|x86
		{556EDE50-42D7-48B9-B7C4-5D5B4516E77E}.Release|ARM.ActiveCfg = Release|ARM
		{556EDE50-42D7-48B9-B7C4-5D5B4516E77E}.Release|ARM.Build.0 = Release|ARM
		{556EDE50-42D7-48B9-B7C4-5D5B4516E77E}.Release|ARM.Deploy.0 = Release|ARM
		{556EDE50-42D7-48B9-B7C4-5D5B4516E77E}.Release|iPhone.ActiveCfg = Release|x86
		{556EDE50-42D7-48B9-B7C4-5D5B4516E77E}.Release|iPhone.Build.0 = Release|x86
		{556EDE50-42D7-48B9-B7C4-5D5B4516E77E}.Release|iPhone.Deploy.0 = Release|x86
		{556EDE50-42D7-48B9-B7C4-5D5B4516E77E}.Release|iPhoneSimulator.ActiveCfg = Release|x86
		{556EDE50-42D7-48B9-B7C4-5D5B4516E77E}.Release|iPhoneSimulator.Build.0 = Release|x86
		{556EDE50-42D7-48B9-B7C4-5D5B4516E77E}.Release|iPhoneSimulator.Deploy.0 = Release|x86
		{556EDE50-42D7-48B9-B7C4-5D5B4516E77E}.Release|x64.ActiveCfg = Release|x64
		{556EDE50-42D7-48B9-B7C4-5D5B4516E77E}.Release|x64.Build.0 = Release|x64
		{556EDE50-42D7-48B9-B7C4-5D5B4516E77E}.Release|x64.Deploy.0 = Release|x64
		{556EDE50-42D7-48B9-B7C4-5D5B4516E77E}.Release|x86.ActiveCfg = Release|x86
		{556EDE50-42D7-48B9-B7C4-5D5B4516E77E}.Release|x86.Build.0 = Release|x86
		{556EDE50-42D7-48B9-B7C4-5D5B4516E77E}.Release|x86.Deploy.0 = Release|x86
		{EA1E4455-5422-4666-BE80-AD1AC73A1FC5}.Debug|Any CPU.ActiveCfg = Debug|Any CPU
		{EA1E4455-5422-4666-BE80-AD1AC73A1FC5}.Debug|Any CPU.Build.0 = Debug|Any CPU
		{EA1E4455-5422-4666-BE80-AD1AC73A1FC5}.Debug|Any CPU.Deploy.0 = Debug|Any CPU
		{EA1E4455-5422-4666-BE80-AD1AC73A1FC5}.Debug|ARM.ActiveCfg = Debug|Any CPU
		{EA1E4455-5422-4666-BE80-AD1AC73A1FC5}.Debug|ARM.Build.0 = Debug|Any CPU
		{EA1E4455-5422-4666-BE80-AD1AC73A1FC5}.Debug|ARM.Deploy.0 = Debug|Any CPU
		{EA1E4455-5422-4666-BE80-AD1AC73A1FC5}.Debug|iPhone.ActiveCfg = Debug|Any CPU
		{EA1E4455-5422-4666-BE80-AD1AC73A1FC5}.Debug|iPhone.Build.0 = Debug|Any CPU
		{EA1E4455-5422-4666-BE80-AD1AC73A1FC5}.Debug|iPhone.Deploy.0 = Debug|Any CPU
		{EA1E4455-5422-4666-BE80-AD1AC73A1FC5}.Debug|iPhoneSimulator.ActiveCfg = Debug|Any CPU
		{EA1E4455-5422-4666-BE80-AD1AC73A1FC5}.Debug|iPhoneSimulator.Build.0 = Debug|Any CPU
		{EA1E4455-5422-4666-BE80-AD1AC73A1FC5}.Debug|iPhoneSimulator.Deploy.0 = Debug|Any CPU
		{EA1E4455-5422-4666-BE80-AD1AC73A1FC5}.Debug|x64.ActiveCfg = Debug|Any CPU
		{EA1E4455-5422-4666-BE80-AD1AC73A1FC5}.Debug|x64.Build.0 = Debug|Any CPU
		{EA1E4455-5422-4666-BE80-AD1AC73A1FC5}.Debug|x64.Deploy.0 = Debug|Any CPU
		{EA1E4455-5422-4666-BE80-AD1AC73A1FC5}.Debug|x86.ActiveCfg = Debug|Any CPU
		{EA1E4455-5422-4666-BE80-AD1AC73A1FC5}.Debug|x86.Build.0 = Debug|Any CPU
		{EA1E4455-5422-4666-BE80-AD1AC73A1FC5}.Debug|x86.Deploy.0 = Debug|Any CPU
		{EA1E4455-5422-4666-BE80-AD1AC73A1FC5}.Release|Any CPU.ActiveCfg = Release|Any CPU
		{EA1E4455-5422-4666-BE80-AD1AC73A1FC5}.Release|Any CPU.Build.0 = Release|Any CPU
		{EA1E4455-5422-4666-BE80-AD1AC73A1FC5}.Release|Any CPU.Deploy.0 = Release|Any CPU
		{EA1E4455-5422-4666-BE80-AD1AC73A1FC5}.Release|ARM.ActiveCfg = Release|Any CPU
		{EA1E4455-5422-4666-BE80-AD1AC73A1FC5}.Release|ARM.Build.0 = Release|Any CPU
		{EA1E4455-5422-4666-BE80-AD1AC73A1FC5}.Release|ARM.Deploy.0 = Release|Any CPU
		{EA1E4455-5422-4666-BE80-AD1AC73A1FC5}.Release|iPhone.ActiveCfg = Release|Any CPU
		{EA1E4455-5422-4666-BE80-AD1AC73A1FC5}.Release|iPhone.Build.0 = Release|Any CPU
		{EA1E4455-5422-4666-BE80-AD1AC73A1FC5}.Release|iPhone.Deploy.0 = Release|Any CPU
		{EA1E4455-5422-4666-BE80-AD1AC73A1FC5}.Release|iPhoneSimulator.ActiveCfg = Release|Any CPU
		{EA1E4455-5422-4666-BE80-AD1AC73A1FC5}.Release|iPhoneSimulator.Build.0 = Release|Any CPU
		{EA1E4455-5422-4666-BE80-AD1AC73A1FC5}.Release|iPhoneSimulator.Deploy.0 = Release|Any CPU
		{EA1E4455-5422-4666-BE80-AD1AC73A1FC5}.Release|x64.ActiveCfg = Release|Any CPU
		{EA1E4455-5422-4666-BE80-AD1AC73A1FC5}.Release|x64.Build.0 = Release|Any CPU
		{EA1E4455-5422-4666-BE80-AD1AC73A1FC5}.Release|x64.Deploy.0 = Release|Any CPU
		{EA1E4455-5422-4666-BE80-AD1AC73A1FC5}.Release|x86.ActiveCfg = Release|Any CPU
		{EA1E4455-5422-4666-BE80-AD1AC73A1FC5}.Release|x86.Build.0 = Release|Any CPU
		{EA1E4455-5422-4666-BE80-AD1AC73A1FC5}.Release|x86.Deploy.0 = Release|Any CPU
		{3C381BBF-A0E3-4C7D-A23C-1A516F3B7A57}.Debug|Any CPU.ActiveCfg = Debug|iPhone
		{3C381BBF-A0E3-4C7D-A23C-1A516F3B7A57}.Debug|Any CPU.Build.0 = Debug|iPhone
		{3C381BBF-A0E3-4C7D-A23C-1A516F3B7A57}.Debug|Any CPU.Deploy.0 = Debug|iPhone
		{3C381BBF-A0E3-4C7D-A23C-1A516F3B7A57}.Debug|ARM.ActiveCfg = Debug|iPhone
		{3C381BBF-A0E3-4C7D-A23C-1A516F3B7A57}.Debug|ARM.Build.0 = Debug|iPhone
		{3C381BBF-A0E3-4C7D-A23C-1A516F3B7A57}.Debug|ARM.Deploy.0 = Debug|iPhone
		{3C381BBF-A0E3-4C7D-A23C-1A516F3B7A57}.Debug|iPhone.ActiveCfg = Debug|iPhone
		{3C381BBF-A0E3-4C7D-A23C-1A516F3B7A57}.Debug|iPhone.Build.0 = Debug|iPhone
		{3C381BBF-A0E3-4C7D-A23C-1A516F3B7A57}.Debug|iPhone.Deploy.0 = Debug|iPhone
		{3C381BBF-A0E3-4C7D-A23C-1A516F3B7A57}.Debug|iPhoneSimulator.ActiveCfg = Debug|iPhoneSimulator
		{3C381BBF-A0E3-4C7D-A23C-1A516F3B7A57}.Debug|iPhoneSimulator.Build.0 = Debug|iPhoneSimulator
		{3C381BBF-A0E3-4C7D-A23C-1A516F3B7A57}.Debug|iPhoneSimulator.Deploy.0 = Debug|iPhoneSimulator
		{3C381BBF-A0E3-4C7D-A23C-1A516F3B7A57}.Debug|x64.ActiveCfg = Debug|iPhone
		{3C381BBF-A0E3-4C7D-A23C-1A516F3B7A57}.Debug|x64.Build.0 = Debug|iPhone
		{3C381BBF-A0E3-4C7D-A23C-1A516F3B7A57}.Debug|x64.Deploy.0 = Debug|iPhone
		{3C381BBF-A0E3-4C7D-A23C-1A516F3B7A57}.Debug|x86.ActiveCfg = Debug|iPhone
		{3C381BBF-A0E3-4C7D-A23C-1A516F3B7A57}.Debug|x86.Build.0 = Debug|iPhone
		{3C381BBF-A0E3-4C7D-A23C-1A516F3B7A57}.Debug|x86.Deploy.0 = Debug|iPhone
		{3C381BBF-A0E3-4C7D-A23C-1A516F3B7A57}.Release|Any CPU.ActiveCfg = Release|iPhone
		{3C381BBF-A0E3-4C7D-A23C-1A516F3B7A57}.Release|Any CPU.Build.0 = Release|iPhone
		{3C381BBF-A0E3-4C7D-A23C-1A516F3B7A57}.Release|Any CPU.Deploy.0 = Release|iPhone
		{3C381BBF-A0E3-4C7D-A23C-1A516F3B7A57}.Release|ARM.ActiveCfg = Release|iPhone
		{3C381BBF-A0E3-4C7D-A23C-1A516F3B7A57}.Release|ARM.Build.0 = Release|iPhone
		{3C381BBF-A0E3-4C7D-A23C-1A516F3B7A57}.Release|ARM.Deploy.0 = Release|iPhone
		{3C381BBF-A0E3-4C7D-A23C-1A516F3B7A57}.Release|iPhone.ActiveCfg = Release|iPhone
		{3C381BBF-A0E3-4C7D-A23C-1A516F3B7A57}.Release|iPhone.Build.0 = Release|iPhone
		{3C381BBF-A0E3-4C7D-A23C-1A516F3B7A57}.Release|iPhone.Deploy.0 = Release|iPhone
		{3C381BBF-A0E3-4C7D-A23C-1A516F3B7A57}.Release|iPhoneSimulator.ActiveCfg = Release|iPhoneSimulator
		{3C381BBF-A0E3-4C7D-A23C-1A516F3B7A57}.Release|iPhoneSimulator.Build.0 = Release|iPhoneSimulator
		{3C381BBF-A0E3-4C7D-A23C-1A516F3B7A57}.Release|iPhoneSimulator.Deploy.0 = Release|iPhoneSimulator
		{3C381BBF-A0E3-4C7D-A23C-1A516F3B7A57}.Release|x64.ActiveCfg = Release|iPhone
		{3C381BBF-A0E3-4C7D-A23C-1A516F3B7A57}.Release|x64.Build.0 = Release|iPhone
		{3C381BBF-A0E3-4C7D-A23C-1A516F3B7A57}.Release|x64.Deploy.0 = Release|iPhone
		{3C381BBF-A0E3-4C7D-A23C-1A516F3B7A57}.Release|x86.ActiveCfg = Release|iPhone
		{3C381BBF-A0E3-4C7D-A23C-1A516F3B7A57}.Release|x86.Build.0 = Release|iPhone
		{3C381BBF-A0E3-4C7D-A23C-1A516F3B7A57}.Release|x86.Deploy.0 = Release|iPhone
		{F3F23326-D41B-4D77-A43C-78F1A488AA52}.Debug|Any CPU.ActiveCfg = Debug|Any CPU
		{F3F23326-D41B-4D77-A43C-78F1A488AA52}.Debug|Any CPU.Build.0 = Debug|Any CPU
		{F3F23326-D41B-4D77-A43C-78F1A488AA52}.Debug|Any CPU.Deploy.0 = Debug|Any CPU
		{F3F23326-D41B-4D77-A43C-78F1A488AA52}.Debug|ARM.ActiveCfg = Debug|Any CPU
		{F3F23326-D41B-4D77-A43C-78F1A488AA52}.Debug|ARM.Build.0 = Debug|Any CPU
		{F3F23326-D41B-4D77-A43C-78F1A488AA52}.Debug|ARM.Deploy.0 = Debug|Any CPU
		{F3F23326-D41B-4D77-A43C-78F1A488AA52}.Debug|iPhone.ActiveCfg = Debug|Any CPU
		{F3F23326-D41B-4D77-A43C-78F1A488AA52}.Debug|iPhone.Build.0 = Debug|Any CPU
		{F3F23326-D41B-4D77-A43C-78F1A488AA52}.Debug|iPhone.Deploy.0 = Debug|Any CPU
		{F3F23326-D41B-4D77-A43C-78F1A488AA52}.Debug|iPhoneSimulator.ActiveCfg = Debug|Any CPU
		{F3F23326-D41B-4D77-A43C-78F1A488AA52}.Debug|iPhoneSimulator.Build.0 = Debug|Any CPU
		{F3F23326-D41B-4D77-A43C-78F1A488AA52}.Debug|iPhoneSimulator.Deploy.0 = Debug|Any CPU
		{F3F23326-D41B-4D77-A43C-78F1A488AA52}.Debug|x64.ActiveCfg = Debug|Any CPU
		{F3F23326-D41B-4D77-A43C-78F1A488AA52}.Debug|x64.Build.0 = Debug|Any CPU
		{F3F23326-D41B-4D77-A43C-78F1A488AA52}.Debug|x64.Deploy.0 = Debug|Any CPU
		{F3F23326-D41B-4D77-A43C-78F1A488AA52}.Debug|x86.ActiveCfg = Debug|Any CPU
		{F3F23326-D41B-4D77-A43C-78F1A488AA52}.Debug|x86.Build.0 = Debug|Any CPU
		{F3F23326-D41B-4D77-A43C-78F1A488AA52}.Debug|x86.Deploy.0 = Debug|Any CPU
		{F3F23326-D41B-4D77-A43C-78F1A488AA52}.Release|Any CPU.ActiveCfg = Release|Any CPU
		{F3F23326-D41B-4D77-A43C-78F1A488AA52}.Release|Any CPU.Build.0 = Release|Any CPU
		{F3F23326-D41B-4D77-A43C-78F1A488AA52}.Release|Any CPU.Deploy.0 = Release|Any CPU
		{F3F23326-D41B-4D77-A43C-78F1A488AA52}.Release|ARM.ActiveCfg = Release|Any CPU
		{F3F23326-D41B-4D77-A43C-78F1A488AA52}.Release|ARM.Build.0 = Release|Any CPU
		{F3F23326-D41B-4D77-A43C-78F1A488AA52}.Release|ARM.Deploy.0 = Release|Any CPU
		{F3F23326-D41B-4D77-A43C-78F1A488AA52}.Release|iPhone.ActiveCfg = Release|Any CPU
		{F3F23326-D41B-4D77-A43C-78F1A488AA52}.Release|iPhone.Build.0 = Release|Any CPU
		{F3F23326-D41B-4D77-A43C-78F1A488AA52}.Release|iPhone.Deploy.0 = Release|Any CPU
		{F3F23326-D41B-4D77-A43C-78F1A488AA52}.Release|iPhoneSimulator.ActiveCfg = Release|Any CPU
		{F3F23326-D41B-4D77-A43C-78F1A488AA52}.Release|iPhoneSimulator.Build.0 = Release|Any CPU
		{F3F23326-D41B-4D77-A43C-78F1A488AA52}.Release|iPhoneSimulator.Deploy.0 = Release|Any CPU
		{F3F23326-D41B-4D77-A43C-78F1A488AA52}.Release|x64.ActiveCfg = Release|Any CPU
		{F3F23326-D41B-4D77-A43C-78F1A488AA52}.Release|x64.Build.0 = Release|Any CPU
		{F3F23326-D41B-4D77-A43C-78F1A488AA52}.Release|x64.Deploy.0 = Release|Any CPU
		{F3F23326-D41B-4D77-A43C-78F1A488AA52}.Release|x86.ActiveCfg = Release|Any CPU
		{F3F23326-D41B-4D77-A43C-78F1A488AA52}.Release|x86.Build.0 = Release|Any CPU
		{F3F23326-D41B-4D77-A43C-78F1A488AA52}.Release|x86.Deploy.0 = Release|Any CPU
	EndGlobalSection
	GlobalSection(SolutionProperties) = preSolution
		HideSolutionNode = FALSE
	EndGlobalSection
	GlobalSection(ExtensibilityGlobals) = postSolution
		SolutionGuid = {0D2B9B39-D85E-45CB-A7C3-AE3CCC36A59D}
	EndGlobalSection
EndGlobal
