
Microsoft Visual Studio Solution File, Format Version 12.00
# Visual Studio Version 16
VisualStudioVersion = 16.0.29920.165
MinimumVisualStudioVersion = 10.0.40219.1
Project("{FAE04EC0-301F-11D3-BF4B-00C04F79EFBC}") = "TP_xamarin4.UWP", "TP_xamarin4\TP_xamarin4.UWP\TP_xamarin4.UWP.csproj", "{D6064461-553C-453D-9EA6-CDFF42B9C318}"
EndProject
Project("{FAE04EC0-301F-11D3-BF4B-00C04F79EFBC}") = "TP_xamarin4.Android", "TP_xamarin4\TP_xamarin4.Android\TP_xamarin4.Android.csproj", "{39EC6541-3964-4217-BF56-8C004411DC3C}"
EndProject
Project("{FAE04EC0-301F-11D3-BF4B-00C04F79EFBC}") = "TP_xamarin4.iOS", "TP_xamarin4\TP_xamarin4.iOS\TP_xamarin4.iOS.csproj", "{1B52EC10-8D4E-4545-B0EE-1EC8F2D59F22}"
EndProject
Project("{FAE04EC0-301F-11D3-BF4B-00C04F79EFBC}") = "TP_xamarin4", "TP_xamarin4\TP_xamarin4\TP_xamarin4.csproj", "{B6BA2E7A-8DCC-4E00-B9DD-34DDFAEDB370}"
EndProject
Global
	GlobalSection(SolutionConfigurationPlatforms) = preSolution
		Debug|Any CPU = Debug|Any CPU
		Debug|ARM = Debug|ARM
		Debug|iPhone = Debug|iPhone
		Debug|iPhoneSimulator = Debug|iPhoneSimulator
		Debug|x64 = Debug|x64
		Debug|x86 = Debug|x86
		Release|Any CPU = Release|Any CPU
		Release|ARM = Release|ARM
		Release|iPhone = Release|iPhone
		Release|iPhoneSimulator = Release|iPhoneSimulator
		Release|x64 = Release|x64
		Release|x86 = Release|x86
	EndGlobalSection
	GlobalSection(ProjectConfigurationPlatforms) = postSolution
		{D6064461-553C-453D-9EA6-CDFF42B9C318}.Debug|Any CPU.ActiveCfg = Debug|x86
		{D6064461-553C-453D-9EA6-CDFF42B9C318}.Debug|Any CPU.Build.0 = Debug|x86
		{D6064461-553C-453D-9EA6-CDFF42B9C318}.Debug|Any CPU.Deploy.0 = Debug|x86
		{D6064461-553C-453D-9EA6-CDFF42B9C318}.Debug|ARM.ActiveCfg = Debug|ARM
		{D6064461-553C-453D-9EA6-CDFF42B9C318}.Debug|ARM.Build.0 = Debug|ARM
		{D6064461-553C-453D-9EA6-CDFF42B9C318}.Debug|ARM.Deploy.0 = Debug|ARM
		{D6064461-553C-453D-9EA6-CDFF42B9C318}.Debug|iPhone.ActiveCfg = Debug|x86
		{D6064461-553C-453D-9EA6-CDFF42B9C318}.Debug|iPhone.Build.0 = Debug|x86
		{D6064461-553C-453D-9EA6-CDFF42B9C318}.Debug|iPhone.Deploy.0 = Debug|x86
		{D6064461-553C-453D-9EA6-CDFF42B9C318}.Debug|iPhoneSimulator.ActiveCfg = Debug|x86
		{D6064461-553C-453D-9EA6-CDFF42B9C318}.Debug|iPhoneSimulator.Build.0 = Debug|x86
		{D6064461-553C-453D-9EA6-CDFF42B9C318}.Debug|iPhoneSimulator.Deploy.0 = Debug|x86
		{D6064461-553C-453D-9EA6-CDFF42B9C318}.Debug|x64.ActiveCfg = Debug|x64
		{D6064461-553C-453D-9EA6-CDFF42B9C318}.Debug|x64.Build.0 = Debug|x64
		{D6064461-553C-453D-9EA6-CDFF42B9C318}.Debug|x64.Deploy.0 = Debug|x64
		{D6064461-553C-453D-9EA6-CDFF42B9C318}.Debug|x86.ActiveCfg = Debug|x86
		{D6064461-553C-453D-9EA6-CDFF42B9C318}.Debug|x86.Build.0 = Debug|x86
		{D6064461-553C-453D-9EA6-CDFF42B9C318}.Debug|x86.Deploy.0 = Debug|x86
		{D6064461-553C-453D-9EA6-CDFF42B9C318}.Release|Any CPU.ActiveCfg = Release|x86
		{D6064461-553C-453D-9EA6-CDFF42B9C318}.Release|Any CPU.Build.0 = Release|x86
		{D6064461-553C-453D-9EA6-CDFF42B9C318}.Release|Any CPU.Deploy.0 = Release|x86
		{D6064461-553C-453D-9EA6-CDFF42B9C318}.Release|ARM.ActiveCfg = Release|ARM
		{D6064461-553C-453D-9EA6-CDFF42B9C318}.Release|ARM.Build.0 = Release|ARM
		{D6064461-553C-453D-9EA6-CDFF42B9C318}.Release|ARM.Deploy.0 = Release|ARM
		{D6064461-553C-453D-9EA6-CDFF42B9C318}.Release|iPhone.ActiveCfg = Release|x86
		{D6064461-553C-453D-9EA6-CDFF42B9C318}.Release|iPhone.Build.0 = Release|x86
		{D6064461-553C-453D-9EA6-CDFF42B9C318}.Release|iPhone.Deploy.0 = Release|x86
		{D6064461-553C-453D-9EA6-CDFF42B9C318}.Release|iPhoneSimulator.ActiveCfg = Release|x86
		{D6064461-553C-453D-9EA6-CDFF42B9C318}.Release|iPhoneSimulator.Build.0 = Release|x86
		{D6064461-553C-453D-9EA6-CDFF42B9C318}.Release|iPhoneSimulator.Deploy.0 = Release|x86
		{D6064461-553C-453D-9EA6-CDFF42B9C318}.Release|x64.ActiveCfg = Release|x64
		{D6064461-553C-453D-9EA6-CDFF42B9C318}.Release|x64.Build.0 = Release|x64
		{D6064461-553C-453D-9EA6-CDFF42B9C318}.Release|x64.Deploy.0 = Release|x64
		{D6064461-553C-453D-9EA6-CDFF42B9C318}.Release|x86.ActiveCfg = Release|x86
		{D6064461-553C-453D-9EA6-CDFF42B9C318}.Release|x86.Build.0 = Release|x86
		{D6064461-553C-453D-9EA6-CDFF42B9C318}.Release|x86.Deploy.0 = Release|x86
		{39EC6541-3964-4217-BF56-8C004411DC3C}.Debug|Any CPU.ActiveCfg = Debug|Any CPU
		{39EC6541-3964-4217-BF56-8C004411DC3C}.Debug|Any CPU.Build.0 = Debug|Any CPU
		{39EC6541-3964-4217-BF56-8C004411DC3C}.Debug|Any CPU.Deploy.0 = Debug|Any CPU
		{39EC6541-3964-4217-BF56-8C004411DC3C}.Debug|ARM.ActiveCfg = Debug|Any CPU
		{39EC6541-3964-4217-BF56-8C004411DC3C}.Debug|ARM.Build.0 = Debug|Any CPU
		{39EC6541-3964-4217-BF56-8C004411DC3C}.Debug|ARM.Deploy.0 = Debug|Any CPU
		{39EC6541-3964-4217-BF56-8C004411DC3C}.Debug|iPhone.ActiveCfg = Debug|Any CPU
		{39EC6541-3964-4217-BF56-8C004411DC3C}.Debug|iPhone.Build.0 = Debug|Any CPU
		{39EC6541-3964-4217-BF56-8C004411DC3C}.Debug|iPhone.Deploy.0 = Debug|Any CPU
		{39EC6541-3964-4217-BF56-8C004411DC3C}.Debug|iPhoneSimulator.ActiveCfg = Debug|Any CPU
		{39EC6541-3964-4217-BF56-8C004411DC3C}.Debug|iPhoneSimulator.Build.0 = Debug|Any CPU
		{39EC6541-3964-4217-BF56-8C004411DC3C}.Debug|iPhoneSimulator.Deploy.0 = Debug|Any CPU
		{39EC6541-3964-4217-BF56-8C004411DC3C}.Debug|x64.ActiveCfg = Debug|Any CPU
		{39EC6541-3964-4217-BF56-8C004411DC3C}.Debug|x64.Build.0 = Debug|Any CPU
		{39EC6541-3964-4217-BF56-8C004411DC3C}.Debug|x64.Deploy.0 = Debug|Any CPU
		{39EC6541-3964-4217-BF56-8C004411DC3C}.Debug|x86.ActiveCfg = Debug|Any CPU
		{39EC6541-3964-4217-BF56-8C004411DC3C}.Debug|x86.Build.0 = Debug|Any CPU
		{39EC6541-3964-4217-BF56-8C004411DC3C}.Debug|x86.Deploy.0 = Debug|Any CPU
		{39EC6541-3964-4217-BF56-8C004411DC3C}.Release|Any CPU.ActiveCfg = Release|Any CPU
		{39EC6541-3964-4217-BF56-8C004411DC3C}.Release|Any CPU.Build.0 = Release|Any CPU
		{39EC6541-3964-4217-BF56-8C004411DC3C}.Release|Any CPU.Deploy.0 = Release|Any CPU
		{39EC6541-3964-4217-BF56-8C004411DC3C}.Release|ARM.ActiveCfg = Release|Any CPU
		{39EC6541-3964-4217-BF56-8C004411DC3C}.Release|ARM.Build.0 = Release|Any CPU
		{39EC6541-3964-4217-BF56-8C004411DC3C}.Release|ARM.Deploy.0 = Release|Any CPU
		{39EC6541-3964-4217-BF56-8C004411DC3C}.Release|iPhone.ActiveCfg = Release|Any CPU
		{39EC6541-3964-4217-BF56-8C004411DC3C}.Release|iPhone.Build.0 = Release|Any CPU
		{39EC6541-3964-4217-BF56-8C004411DC3C}.Release|iPhone.Deploy.0 = Release|Any CPU
		{39EC6541-3964-4217-BF56-8C004411DC3C}.Release|iPhoneSimulator.ActiveCfg = Release|Any CPU
		{39EC6541-3964-4217-BF56-8C004411DC3C}.Release|iPhoneSimulator.Build.0 = Release|Any CPU
		{39EC6541-3964-4217-BF56-8C004411DC3C}.Release|iPhoneSimulator.Deploy.0 = Release|Any CPU
		{39EC6541-3964-4217-BF56-8C004411DC3C}.Release|x64.ActiveCfg = Release|Any CPU
		{39EC6541-3964-4217-BF56-8C004411DC3C}.Release|x64.Build.0 = Release|Any CPU
		{39EC6541-3964-4217-BF56-8C004411DC3C}.Release|x64.Deploy.0 = Release|Any CPU
		{39EC6541-3964-4217-BF56-8C004411DC3C}.Release|x86.ActiveCfg = Release|Any CPU
		{39EC6541-3964-4217-BF56-8C004411DC3C}.Release|x86.Build.0 = Release|Any CPU
		{39EC6541-3964-4217-BF56-8C004411DC3C}.Release|x86.Deploy.0 = Release|Any CPU
		{1B52EC10-8D4E-4545-B0EE-1EC8F2D59F22}.Debug|Any CPU.ActiveCfg = Debug|iPhone
		{1B52EC10-8D4E-4545-B0EE-1EC8F2D59F22}.Debug|Any CPU.Build.0 = Debug|iPhone
		{1B52EC10-8D4E-4545-B0EE-1EC8F2D59F22}.Debug|Any CPU.Deploy.0 = Debug|iPhone
		{1B52EC10-8D4E-4545-B0EE-1EC8F2D59F22}.Debug|ARM.ActiveCfg = Debug|iPhone
		{1B52EC10-8D4E-4545-B0EE-1EC8F2D59F22}.Debug|ARM.Build.0 = Debug|iPhone
		{1B52EC10-8D4E-4545-B0EE-1EC8F2D59F22}.Debug|ARM.Deploy.0 = Debug|iPhone
		{1B52EC10-8D4E-4545-B0EE-1EC8F2D59F22}.Debug|iPhone.ActiveCfg = Debug|iPhone
		{1B52EC10-8D4E-4545-B0EE-1EC8F2D59F22}.Debug|iPhone.Build.0 = Debug|iPhone
		{1B52EC10-8D4E-4545-B0EE-1EC8F2D59F22}.Debug|iPhone.Deploy.0 = Debug|iPhone
		{1B52EC10-8D4E-4545-B0EE-1EC8F2D59F22}.Debug|iPhoneSimulator.ActiveCfg = Debug|iPhoneSimulator
		{1B52EC10-8D4E-4545-B0EE-1EC8F2D59F22}.Debug|iPhoneSimulator.Build.0 = Debug|iPhoneSimulator
		{1B52EC10-8D4E-4545-B0EE-1EC8F2D59F22}.Debug|iPhoneSimulator.Deploy.0 = Debug|iPhoneSimulator
		{1B52EC10-8D4E-4545-B0EE-1EC8F2D59F22}.Debug|x64.ActiveCfg = Debug|iPhone
		{1B52EC10-8D4E-4545-B0EE-1EC8F2D59F22}.Debug|x64.Build.0 = Debug|iPhone
		{1B52EC10-8D4E-4545-B0EE-1EC8F2D59F22}.Debug|x64.Deploy.0 = Debug|iPhone
		{1B52EC10-8D4E-4545-B0EE-1EC8F2D59F22}.Debug|x86.ActiveCfg = Debug|iPhone
		{1B52EC10-8D4E-4545-B0EE-1EC8F2D59F22}.Debug|x86.Build.0 = Debug|iPhone
		{1B52EC10-8D4E-4545-B0EE-1EC8F2D59F22}.Debug|x86.Deploy.0 = Debug|iPhone
		{1B52EC10-8D4E-4545-B0EE-1EC8F2D59F22}.Release|Any CPU.ActiveCfg = Release|iPhone
		{1B52EC10-8D4E-4545-B0EE-1EC8F2D59F22}.Release|Any CPU.Build.0 = Release|iPhone
		{1B52EC10-8D4E-4545-B0EE-1EC8F2D59F22}.Release|Any CPU.Deploy.0 = Release|iPhone
		{1B52EC10-8D4E-4545-B0EE-1EC8F2D59F22}.Release|ARM.ActiveCfg = Release|iPhone
		{1B52EC10-8D4E-4545-B0EE-1EC8F2D59F22}.Release|ARM.Build.0 = Release|iPhone
		{1B52EC10-8D4E-4545-B0EE-1EC8F2D59F22}.Release|ARM.Deploy.0 = Release|iPhone
		{1B52EC10-8D4E-4545-B0EE-1EC8F2D59F22}.Release|iPhone.ActiveCfg = Release|iPhone
		{1B52EC10-8D4E-4545-B0EE-1EC8F2D59F22}.Release|iPhone.Build.0 = Release|iPhone
		{1B52EC10-8D4E-4545-B0EE-1EC8F2D59F22}.Release|iPhone.Deploy.0 = Release|iPhone
		{1B52EC10-8D4E-4545-B0EE-1EC8F2D59F22}.Release|iPhoneSimulator.ActiveCfg = Release|iPhoneSimulator
		{1B52EC10-8D4E-4545-B0EE-1EC8F2D59F22}.Release|iPhoneSimulator.Build.0 = Release|iPhoneSimulator
		{1B52EC10-8D4E-4545-B0EE-1EC8F2D59F22}.Release|iPhoneSimulator.Deploy.0 = Release|iPhoneSimulator
		{1B52EC10-8D4E-4545-B0EE-1EC8F2D59F22}.Release|x64.ActiveCfg = Release|iPhone
		{1B52EC10-8D4E-4545-B0EE-1EC8F2D59F22}.Release|x64.Build.0 = Release|iPhone
		{1B52EC10-8D4E-4545-B0EE-1EC8F2D59F22}.Release|x64.Deploy.0 = Release|iPhone
		{1B52EC10-8D4E-4545-B0EE-1EC8F2D59F22}.Release|x86.ActiveCfg = Release|iPhone
		{1B52EC10-8D4E-4545-B0EE-1EC8F2D59F22}.Release|x86.Build.0 = Release|iPhone
		{1B52EC10-8D4E-4545-B0EE-1EC8F2D59F22}.Release|x86.Deploy.0 = Release|iPhone
		{B6BA2E7A-8DCC-4E00-B9DD-34DDFAEDB370}.Debug|Any CPU.ActiveCfg = Debug|Any CPU
		{B6BA2E7A-8DCC-4E00-B9DD-34DDFAEDB370}.Debug|Any CPU.Build.0 = Debug|Any CPU
		{B6BA2E7A-8DCC-4E00-B9DD-34DDFAEDB370}.Debug|Any CPU.Deploy.0 = Debug|Any CPU
		{B6BA2E7A-8DCC-4E00-B9DD-34DDFAEDB370}.Debug|ARM.ActiveCfg = Debug|Any CPU
		{B6BA2E7A-8DCC-4E00-B9DD-34DDFAEDB370}.Debug|ARM.Build.0 = Debug|Any CPU
		{B6BA2E7A-8DCC-4E00-B9DD-34DDFAEDB370}.Debug|ARM.Deploy.0 = Debug|Any CPU
		{B6BA2E7A-8DCC-4E00-B9DD-34DDFAEDB370}.Debug|iPhone.ActiveCfg = Debug|Any CPU
		{B6BA2E7A-8DCC-4E00-B9DD-34DDFAEDB370}.Debug|iPhone.Build.0 = Debug|Any CPU
		{B6BA2E7A-8DCC-4E00-B9DD-34DDFAEDB370}.Debug|iPhone.Deploy.0 = Debug|Any CPU
		{B6BA2E7A-8DCC-4E00-B9DD-34DDFAEDB370}.Debug|iPhoneSimulator.ActiveCfg = Debug|Any CPU
		{B6BA2E7A-8DCC-4E00-B9DD-34DDFAEDB370}.Debug|iPhoneSimulator.Build.0 = Debug|Any CPU
		{B6BA2E7A-8DCC-4E00-B9DD-34DDFAEDB370}.Debug|iPhoneSimulator.Deploy.0 = Debug|Any CPU
		{B6BA2E7A-8DCC-4E00-B9DD-34DDFAEDB370}.Debug|x64.ActiveCfg = Debug|Any CPU
		{B6BA2E7A-8DCC-4E00-B9DD-34DDFAEDB370}.Debug|x64.Build.0 = Debug|Any CPU
		{B6BA2E7A-8DCC-4E00-B9DD-34DDFAEDB370}.Debug|x64.Deploy.0 = Debug|Any CPU
		{B6BA2E7A-8DCC-4E00-B9DD-34DDFAEDB370}.Debug|x86.ActiveCfg = Debug|Any CPU
		{B6BA2E7A-8DCC-4E00-B9DD-34DDFAEDB370}.Debug|x86.Build.0 = Debug|Any CPU
		{B6BA2E7A-8DCC-4E00-B9DD-34DDFAEDB370}.Debug|x86.Deploy.0 = Debug|Any CPU
		{B6BA2E7A-8DCC-4E00-B9DD-34DDFAEDB370}.Release|Any CPU.ActiveCfg = Release|Any CPU
		{B6BA2E7A-8DCC-4E00-B9DD-34DDFAEDB370}.Release|Any CPU.Build.0 = Release|Any CPU
		{B6BA2E7A-8DCC-4E00-B9DD-34DDFAEDB370}.Release|Any CPU.Deploy.0 = Release|Any CPU
		{B6BA2E7A-8DCC-4E00-B9DD-34DDFAEDB370}.Release|ARM.ActiveCfg = Release|Any CPU
		{B6BA2E7A-8DCC-4E00-B9DD-34DDFAEDB370}.Release|ARM.Build.0 = Release|Any CPU
		{B6BA2E7A-8DCC-4E00-B9DD-34DDFAEDB370}.Release|ARM.Deploy.0 = Release|Any CPU
		{B6BA2E7A-8DCC-4E00-B9DD-34DDFAEDB370}.Release|iPhone.ActiveCfg = Release|Any CPU
		{B6BA2E7A-8DCC-4E00-B9DD-34DDFAEDB370}.Release|iPhone.Build.0 = Release|Any CPU
		{B6BA2E7A-8DCC-4E00-B9DD-34DDFAEDB370}.Release|iPhone.Deploy.0 = Release|Any CPU
		{B6BA2E7A-8DCC-4E00-B9DD-34DDFAEDB370}.Release|iPhoneSimulator.ActiveCfg = Release|Any CPU
		{B6BA2E7A-8DCC-4E00-B9DD-34DDFAEDB370}.Release|iPhoneSimulator.Build.0 = Release|Any CPU
		{B6BA2E7A-8DCC-4E00-B9DD-34DDFAEDB370}.Release|iPhoneSimulator.Deploy.0 = Release|Any CPU
		{B6BA2E7A-8DCC-4E00-B9DD-34DDFAEDB370}.Release|x64.ActiveCfg = Release|Any CPU
		{B6BA2E7A-8DCC-4E00-B9DD-34DDFAEDB370}.Release|x64.Build.0 = Release|Any CPU
		{B6BA2E7A-8DCC-4E00-B9DD-34DDFAEDB370}.Release|x64.Deploy.0 = Release|Any CPU
		{B6BA2E7A-8DCC-4E00-B9DD-34DDFAEDB370}.Release|x86.ActiveCfg = Release|Any CPU
		{B6BA2E7A-8DCC-4E00-B9DD-34DDFAEDB370}.Release|x86.Build.0 = Release|Any CPU
		{B6BA2E7A-8DCC-4E00-B9DD-34DDFAEDB370}.Release|x86.Deploy.0 = Release|Any CPU
	EndGlobalSection
	GlobalSection(SolutionProperties) = preSolution
		HideSolutionNode = FALSE
	EndGlobalSection
	GlobalSection(ExtensibilityGlobals) = postSolution
		SolutionGuid = {CE143D62-9B95-4453-8730-87641122959E}
	EndGlobalSection
EndGlobal
